// !$*UTF8*$!
{
	archiveVersion = 1;
	classes = {
	};
	objectVersion = 55;
	objects = {

/* Begin PBXBuildFile section */
		280AE2C328995469004C72B2 /* AppDelegate.m in Sources */ = {isa = PBXBuildFile; fileRef = 280AE2C228995469004C72B2 /* AppDelegate.m */; };
		280AE2C628995469004C72B2 /* SceneDelegate.m in Sources */ = {isa = PBXBuildFile; fileRef = 280AE2C528995469004C72B2 /* SceneDelegate.m */; };
		280AE2C928995469004C72B2 /* ViewController.m in Sources */ = {isa = PBXBuildFile; fileRef = 280AE2C828995469004C72B2 /* ViewController.m */; };
		280AE2CC28995469004C72B2 /* Main.storyboard in Resources */ = {isa = PBXBuildFile; fileRef = 280AE2CA28995469004C72B2 /* Main.storyboard */; };
		280AE2CE2899546B004C72B2 /* Assets.xcassets in Resources */ = {isa = PBXBuildFile; fileRef = 280AE2CD2899546B004C72B2 /* Assets.xcassets */; };
		280AE2D12899546B004C72B2 /* LaunchScreen.storyboard in Resources */ = {isa = PBXBuildFile; fileRef = 280AE2CF2899546B004C72B2 /* LaunchScreen.storyboard */; };
		280AE2D42899546B004C72B2 /* main.m in Sources */ = {isa = PBXBuildFile; fileRef = 280AE2D32899546B004C72B2 /* main.m */; };
		280AE2DE2899546B004C72B2 /* DemosTests.m in Sources */ = {isa = PBXBuildFile; fileRef = 280AE2DD2899546B004C72B2 /* DemosTests.m */; };
		280AE2E82899546B004C72B2 /* DemosUITests.m in Sources */ = {isa = PBXBuildFile; fileRef = 280AE2E72899546B004C72B2 /* DemosUITests.m */; };
		280AE2EA2899546B004C72B2 /* DemosUITestsLaunchTests.m in Sources */ = {isa = PBXBuildFile; fileRef = 280AE2E92899546B004C72B2 /* DemosUITestsLaunchTests.m */; };
		280AE2FF28995820004C72B2 /* LabelsCell.m in Sources */ = {isa = PBXBuildFile; fileRef = 280AE2FA2899581F004C72B2 /* LabelsCell.m */; };
		280AE30028995820004C72B2 /* LabelsTableViewCell.m in Sources */ = {isa = PBXBuildFile; fileRef = 280AE2FC2899581F004C72B2 /* LabelsTableViewCell.m */; };
		280AE30128995820004C72B2 /* FEDirectionLabelsFlowLayout.m in Sources */ = {isa = PBXBuildFile; fileRef = 280AE2FE2899581F004C72B2 /* FEDirectionLabelsFlowLayout.m */; };
		280AE30428995848004C72B2 /* DemoLabelsViewController.m in Sources */ = {isa = PBXBuildFile; fileRef = 280AE30328995848004C72B2 /* DemoLabelsViewController.m */; };
		2861542928ACDF1F001E33B5 /* readme.txt in Resources */ = {isa = PBXBuildFile; fileRef = 2861542728ACDF1F001E33B5 /* readme.txt */; };
		2861542A28ACDF1F001E33B5 /* YLNumberScrollView.m in Sources */ = {isa = PBXBuildFile; fileRef = 2861542828ACDF1F001E33B5 /* YLNumberScrollView.m */; };
		2861542D28ACDF6F001E33B5 /* DemoNumberScrollViewController.m in Sources */ = {isa = PBXBuildFile; fileRef = 2861542C28ACDF6F001E33B5 /* DemoNumberScrollViewController.m */; };
		2869B911289B9689006716DE /* MBProgressHUD.m in Sources */ = {isa = PBXBuildFile; fileRef = 2869B907289B9689006716DE /* MBProgressHUD.m */; };
		2869B912289B9689006716DE /* MBProgressHUD+Add.m in Sources */ = {isa = PBXBuildFile; fileRef = 2869B908289B9689006716DE /* MBProgressHUD+Add.m */; };
		2869B913289B9689006716DE /* hud_warning@2x.png in Resources */ = {isa = PBXBuildFile; fileRef = 2869B90A289B9689006716DE /* hud_warning@2x.png */; };
		2869B914289B9689006716DE /* hud_success@2x.png in Resources */ = {isa = PBXBuildFile; fileRef = 2869B90B289B9689006716DE /* hud_success@2x.png */; };
		2869B915289B9689006716DE /* hud_info@2x.png in Resources */ = {isa = PBXBuildFile; fileRef = 2869B90C289B9689006716DE /* hud_info@2x.png */; };
		2869B916289B9689006716DE /* MBProgressHUD+BWMExtension.m in Sources */ = {isa = PBXBuildFile; fileRef = 2869B910289B9689006716DE /* MBProgressHUD+BWMExtension.m */; };
		2869B91A289B9BB8006716DE /* FEColor.m in Sources */ = {isa = PBXBuildFile; fileRef = 2869B918289B9BB8006716DE /* FEColor.m */; };
		2869B924289B9BED006716DE /* FEChatRoomManager.m in Sources */ = {isa = PBXBuildFile; fileRef = 2869B920289B9BED006716DE /* FEChatRoomManager.m */; };
		2869B925289B9BED006716DE /* FEChatroomNotificationHandler.m in Sources */ = {isa = PBXBuildFile; fileRef = 2869B921289B9BED006716DE /* FEChatroomNotificationHandler.m */; };
		2869B926289B9BED006716DE /* FEKeyboardToolbarView.m in Sources */ = {isa = PBXBuildFile; fileRef = 2869B922289B9BED006716DE /* FEKeyboardToolbarView.m */; };
		2869B927289B9BED006716DE /* FEIMRoomViewController.m in Sources */ = {isa = PBXBuildFile; fileRef = 2869B923289B9BED006716DE /* FEIMRoomViewController.m */; };
		28CDA8F928AE3A4100DB9668 /* DemoUIViewListViewController.m in Sources */ = {isa = PBXBuildFile; fileRef = 28CDA8F828AE3A4100DB9668 /* DemoUIViewListViewController.m */; };
		28CDA8FD28AE3BE400DB9668 /* DemoUIViewCornersViewController.m in Sources */ = {isa = PBXBuildFile; fileRef = 28CDA8FC28AE3BE400DB9668 /* DemoUIViewCornersViewController.m */; };
		28CDA90128AE3D8100DB9668 /* UIView+Corners.m in Sources */ = {isa = PBXBuildFile; fileRef = 28CDA8FF28AE3D8100DB9668 /* UIView+Corners.m */; };
		28CDA90528AE3FF700DB9668 /* DemoYYLabelViewController.m in Sources */ = {isa = PBXBuildFile; fileRef = 28CDA90428AE3FF700DB9668 /* DemoYYLabelViewController.m */; };
		28CDA90A28AE5CF100DB9668 /* DemoUIStackViewListViewController.m in Sources */ = {isa = PBXBuildFile; fileRef = 28CDA90928AE5CF100DB9668 /* DemoUIStackViewListViewController.m */; };
		28CDA90E28AE5DD100DB9668 /* DemoUIStackView01ViewController.m in Sources */ = {isa = PBXBuildFile; fileRef = 28CDA90D28AE5DD100DB9668 /* DemoUIStackView01ViewController.m */; };
		28CDA91128AE5EE200DB9668 /* DemoUIStackView02ViewController.m in Sources */ = {isa = PBXBuildFile; fileRef = 28CDA91028AE5EE200DB9668 /* DemoUIStackView02ViewController.m */; };
		28CDA91428AE602F00DB9668 /* FEMatchDetailIndexDataCell.m in Sources */ = {isa = PBXBuildFile; fileRef = 28CDA91228AE602F00DB9668 /* FEMatchDetailIndexDataCell.m */; };
		28D112BB289B767F0074E28D /* DemoIMAccountsViewController.m in Sources */ = {isa = PBXBuildFile; fileRef = 28D112BA289B767F0074E28D /* DemoIMAccountsViewController.m */; };
		E3D9AC278765B0B8C665ED2C /* Pods_Demos.framework in Frameworks */ = {isa = PBXBuildFile; fileRef = 2DB113AEF1493B6DD3DF5698 /* Pods_Demos.framework */; };
/* End PBXBuildFile section */

/* Begin PBXContainerItemProxy section */
		280AE2DA2899546B004C72B2 /* PBXContainerItemProxy */ = {
			isa = PBXContainerItemProxy;
			containerPortal = 280AE2B628995469004C72B2 /* Project object */;
			proxyType = 1;
			remoteGlobalIDString = 280AE2BD28995469004C72B2;
			remoteInfo = Demos;
		};
		280AE2E42899546B004C72B2 /* PBXContainerItemProxy */ = {
			isa = PBXContainerItemProxy;
			containerPortal = 280AE2B628995469004C72B2 /* Project object */;
			proxyType = 1;
			remoteGlobalIDString = 280AE2BD28995469004C72B2;
			remoteInfo = Demos;
		};
/* End PBXContainerItemProxy section */

/* Begin PBXFileReference section */
		280AE2BE28995469004C72B2 /* Demos.app */ = {isa = PBXFileReference; explicitFileType = wrapper.application; includeInIndex = 0; path = Demos.app; sourceTree = BUILT_PRODUCTS_DIR; };
		280AE2C128995469004C72B2 /* AppDelegate.h */ = {isa = PBXFileReference; lastKnownFileType = sourcecode.c.h; path = AppDelegate.h; sourceTree = "<group>"; };
		280AE2C228995469004C72B2 /* AppDelegate.m */ = {isa = PBXFileReference; lastKnownFileType = sourcecode.c.objc; path = AppDelegate.m; sourceTree = "<group>"; };
		280AE2C428995469004C72B2 /* SceneDelegate.h */ = {isa = PBXFileReference; lastKnownFileType = sourcecode.c.h; path = SceneDelegate.h; sourceTree = "<group>"; };
		280AE2C528995469004C72B2 /* SceneDelegate.m */ = {isa = PBXFileReference; lastKnownFileType = sourcecode.c.objc; path = SceneDelegate.m; sourceTree = "<group>"; };
		280AE2C728995469004C72B2 /* ViewController.h */ = {isa = PBXFileReference; lastKnownFileType = sourcecode.c.h; path = ViewController.h; sourceTree = "<group>"; };
		280AE2C828995469004C72B2 /* ViewController.m */ = {isa = PBXFileReference; lastKnownFileType = sourcecode.c.objc; path = ViewController.m; sourceTree = "<group>"; };
		280AE2CB28995469004C72B2 /* Base */ = {isa = PBXFileReference; lastKnownFileType = file.storyboard; name = Base; path = Base.lproj/Main.storyboard; sourceTree = "<group>"; };
		280AE2CD2899546B004C72B2 /* Assets.xcassets */ = {isa = PBXFileReference; lastKnownFileType = folder.assetcatalog; path = Assets.xcassets; sourceTree = "<group>"; };
		280AE2D02899546B004C72B2 /* Base */ = {isa = PBXFileReference; lastKnownFileType = file.storyboard; name = Base; path = Base.lproj/LaunchScreen.storyboard; sourceTree = "<group>"; };
		280AE2D22899546B004C72B2 /* Info.plist */ = {isa = PBXFileReference; lastKnownFileType = text.plist.xml; path = Info.plist; sourceTree = "<group>"; };
		280AE2D32899546B004C72B2 /* main.m */ = {isa = PBXFileReference; lastKnownFileType = sourcecode.c.objc; path = main.m; sourceTree = "<group>"; };
		280AE2D92899546B004C72B2 /* DemosTests.xctest */ = {isa = PBXFileReference; explicitFileType = wrapper.cfbundle; includeInIndex = 0; path = DemosTests.xctest; sourceTree = BUILT_PRODUCTS_DIR; };
		280AE2DD2899546B004C72B2 /* DemosTests.m */ = {isa = PBXFileReference; lastKnownFileType = sourcecode.c.objc; path = DemosTests.m; sourceTree = "<group>"; };
		280AE2E32899546B004C72B2 /* DemosUITests.xctest */ = {isa = PBXFileReference; explicitFileType = wrapper.cfbundle; includeInIndex = 0; path = DemosUITests.xctest; sourceTree = BUILT_PRODUCTS_DIR; };
		280AE2E72899546B004C72B2 /* DemosUITests.m */ = {isa = PBXFileReference; lastKnownFileType = sourcecode.c.objc; path = DemosUITests.m; sourceTree = "<group>"; };
		280AE2E92899546B004C72B2 /* DemosUITestsLaunchTests.m */ = {isa = PBXFileReference; lastKnownFileType = sourcecode.c.objc; path = DemosUITestsLaunchTests.m; sourceTree = "<group>"; };
		280AE2F92899581F004C72B2 /* FEDirectionLabelsFlowLayout.h */ = {isa = PBXFileReference; fileEncoding = 4; lastKnownFileType = sourcecode.c.h; path = FEDirectionLabelsFlowLayout.h; sourceTree = "<group>"; };
		280AE2FA2899581F004C72B2 /* LabelsCell.m */ = {isa = PBXFileReference; fileEncoding = 4; lastKnownFileType = sourcecode.c.objc; path = LabelsCell.m; sourceTree = "<group>"; };
		280AE2FB2899581F004C72B2 /* LabelsTableViewCell.h */ = {isa = PBXFileReference; fileEncoding = 4; lastKnownFileType = sourcecode.c.h; path = LabelsTableViewCell.h; sourceTree = "<group>"; };
		280AE2FC2899581F004C72B2 /* LabelsTableViewCell.m */ = {isa = PBXFileReference; fileEncoding = 4; lastKnownFileType = sourcecode.c.objc; path = LabelsTableViewCell.m; sourceTree = "<group>"; };
		280AE2FD2899581F004C72B2 /* LabelsCell.h */ = {isa = PBXFileReference; fileEncoding = 4; lastKnownFileType = sourcecode.c.h; path = LabelsCell.h; sourceTree = "<group>"; };
		280AE2FE2899581F004C72B2 /* FEDirectionLabelsFlowLayout.m */ = {isa = PBXFileReference; fileEncoding = 4; lastKnownFileType = sourcecode.c.objc; path = FEDirectionLabelsFlowLayout.m; sourceTree = "<group>"; };
		280AE30228995848004C72B2 /* DemoLabelsViewController.h */ = {isa = PBXFileReference; lastKnownFileType = sourcecode.c.h; path = DemoLabelsViewController.h; sourceTree = "<group>"; };
		280AE30328995848004C72B2 /* DemoLabelsViewController.m */ = {isa = PBXFileReference; lastKnownFileType = sourcecode.c.objc; path = DemoLabelsViewController.m; sourceTree = "<group>"; };
		2861542628ACDF1F001E33B5 /* YLNumberScrollView.h */ = {isa = PBXFileReference; fileEncoding = 4; lastKnownFileType = sourcecode.c.h; path = YLNumberScrollView.h; sourceTree = "<group>"; };
		2861542728ACDF1F001E33B5 /* readme.txt */ = {isa = PBXFileReference; fileEncoding = 4; lastKnownFileType = text; path = readme.txt; sourceTree = "<group>"; };
		2861542828ACDF1F001E33B5 /* YLNumberScrollView.m */ = {isa = PBXFileReference; fileEncoding = 4; lastKnownFileType = sourcecode.c.objc; path = YLNumberScrollView.m; sourceTree = "<group>"; };
		2861542B28ACDF6F001E33B5 /* DemoNumberScrollViewController.h */ = {isa = PBXFileReference; lastKnownFileType = sourcecode.c.h; path = DemoNumberScrollViewController.h; sourceTree = "<group>"; };
		2861542C28ACDF6F001E33B5 /* DemoNumberScrollViewController.m */ = {isa = PBXFileReference; lastKnownFileType = sourcecode.c.objc; path = DemoNumberScrollViewController.m; sourceTree = "<group>"; };
		2869B907289B9689006716DE /* MBProgressHUD.m */ = {isa = PBXFileReference; fileEncoding = 4; lastKnownFileType = sourcecode.c.objc; path = MBProgressHUD.m; sourceTree = "<group>"; };
		2869B908289B9689006716DE /* MBProgressHUD+Add.m */ = {isa = PBXFileReference; fileEncoding = 4; lastKnownFileType = sourcecode.c.objc; path = "MBProgressHUD+Add.m"; sourceTree = "<group>"; };
		2869B90A289B9689006716DE /* hud_warning@2x.png */ = {isa = PBXFileReference; lastKnownFileType = image.png; path = "hud_warning@2x.png"; sourceTree = "<group>"; };
		2869B90B289B9689006716DE /* hud_success@2x.png */ = {isa = PBXFileReference; lastKnownFileType = image.png; path = "hud_success@2x.png"; sourceTree = "<group>"; };
		2869B90C289B9689006716DE /* hud_info@2x.png */ = {isa = PBXFileReference; lastKnownFileType = image.png; path = "hud_info@2x.png"; sourceTree = "<group>"; };
		2869B90D289B9689006716DE /* MBProgressHUD+BWMExtension.h */ = {isa = PBXFileReference; fileEncoding = 4; lastKnownFileType = sourcecode.c.h; path = "MBProgressHUD+BWMExtension.h"; sourceTree = "<group>"; };
		2869B90E289B9689006716DE /* MBProgressHUD.h */ = {isa = PBXFileReference; fileEncoding = 4; lastKnownFileType = sourcecode.c.h; path = MBProgressHUD.h; sourceTree = "<group>"; };
		2869B90F289B9689006716DE /* MBProgressHUD+Add.h */ = {isa = PBXFileReference; fileEncoding = 4; lastKnownFileType = sourcecode.c.h; path = "MBProgressHUD+Add.h"; sourceTree = "<group>"; };
		2869B910289B9689006716DE /* MBProgressHUD+BWMExtension.m */ = {isa = PBXFileReference; fileEncoding = 4; lastKnownFileType = sourcecode.c.objc; path = "MBProgressHUD+BWMExtension.m"; sourceTree = "<group>"; };
		2869B917289B973A006716DE /* PrefixHeader.pch */ = {isa = PBXFileReference; lastKnownFileType = sourcecode.c.h; path = PrefixHeader.pch; sourceTree = "<group>"; };
		2869B918289B9BB8006716DE /* FEColor.m */ = {isa = PBXFileReference; fileEncoding = 4; lastKnownFileType = sourcecode.c.objc; path = FEColor.m; sourceTree = "<group>"; };
		2869B919289B9BB8006716DE /* FEColor.h */ = {isa = PBXFileReference; fileEncoding = 4; lastKnownFileType = sourcecode.c.h; path = FEColor.h; sourceTree = "<group>"; };
		2869B91C289B9BED006716DE /* FEChatRoomManager.h */ = {isa = PBXFileReference; fileEncoding = 4; lastKnownFileType = sourcecode.c.h; path = FEChatRoomManager.h; sourceTree = "<group>"; };
		2869B91D289B9BED006716DE /* FEChatroomNotificationHandler.h */ = {isa = PBXFileReference; fileEncoding = 4; lastKnownFileType = sourcecode.c.h; path = FEChatroomNotificationHandler.h; sourceTree = "<group>"; };
		2869B91E289B9BED006716DE /* FEIMRoomViewController.h */ = {isa = PBXFileReference; fileEncoding = 4; lastKnownFileType = sourcecode.c.h; path = FEIMRoomViewController.h; sourceTree = "<group>"; };
		2869B91F289B9BED006716DE /* FEKeyboardToolbarView.h */ = {isa = PBXFileReference; fileEncoding = 4; lastKnownFileType = sourcecode.c.h; path = FEKeyboardToolbarView.h; sourceTree = "<group>"; };
		2869B920289B9BED006716DE /* FEChatRoomManager.m */ = {isa = PBXFileReference; fileEncoding = 4; lastKnownFileType = sourcecode.c.objc; path = FEChatRoomManager.m; sourceTree = "<group>"; };
		2869B921289B9BED006716DE /* FEChatroomNotificationHandler.m */ = {isa = PBXFileReference; fileEncoding = 4; lastKnownFileType = sourcecode.c.objc; path = FEChatroomNotificationHandler.m; sourceTree = "<group>"; };
		2869B922289B9BED006716DE /* FEKeyboardToolbarView.m */ = {isa = PBXFileReference; fileEncoding = 4; lastKnownFileType = sourcecode.c.objc; path = FEKeyboardToolbarView.m; sourceTree = "<group>"; };
		2869B923289B9BED006716DE /* FEIMRoomViewController.m */ = {isa = PBXFileReference; fileEncoding = 4; lastKnownFileType = sourcecode.c.objc; path = FEIMRoomViewController.m; sourceTree = "<group>"; };
		28CDA8F728AE3A4100DB9668 /* DemoUIViewListViewController.h */ = {isa = PBXFileReference; lastKnownFileType = sourcecode.c.h; path = DemoUIViewListViewController.h; sourceTree = "<group>"; };
		28CDA8F828AE3A4100DB9668 /* DemoUIViewListViewController.m */ = {isa = PBXFileReference; lastKnownFileType = sourcecode.c.objc; path = DemoUIViewListViewController.m; sourceTree = "<group>"; };
		28CDA8FB28AE3BE400DB9668 /* DemoUIViewCornersViewController.h */ = {isa = PBXFileReference; lastKnownFileType = sourcecode.c.h; path = DemoUIViewCornersViewController.h; sourceTree = "<group>"; };
		28CDA8FC28AE3BE400DB9668 /* DemoUIViewCornersViewController.m */ = {isa = PBXFileReference; lastKnownFileType = sourcecode.c.objc; path = DemoUIViewCornersViewController.m; sourceTree = "<group>"; };
		28CDA8FF28AE3D8100DB9668 /* UIView+Corners.m */ = {isa = PBXFileReference; fileEncoding = 4; lastKnownFileType = sourcecode.c.objc; path = "UIView+Corners.m"; sourceTree = "<group>"; };
		28CDA90028AE3D8100DB9668 /* UIView+Corners.h */ = {isa = PBXFileReference; fileEncoding = 4; lastKnownFileType = sourcecode.c.h; path = "UIView+Corners.h"; sourceTree = "<group>"; };
		28CDA90328AE3FF700DB9668 /* DemoYYLabelViewController.h */ = {isa = PBXFileReference; lastKnownFileType = sourcecode.c.h; path = DemoYYLabelViewController.h; sourceTree = "<group>"; };
		28CDA90428AE3FF700DB9668 /* DemoYYLabelViewController.m */ = {isa = PBXFileReference; lastKnownFileType = sourcecode.c.objc; path = DemoYYLabelViewController.m; sourceTree = "<group>"; };
		28CDA90828AE5CF100DB9668 /* DemoUIStackViewListViewController.h */ = {isa = PBXFileReference; fileEncoding = 4; lastKnownFileType = sourcecode.c.h; path = DemoUIStackViewListViewController.h; sourceTree = "<group>"; };
		28CDA90928AE5CF100DB9668 /* DemoUIStackViewListViewController.m */ = {isa = PBXFileReference; fileEncoding = 4; lastKnownFileType = sourcecode.c.objc; path = DemoUIStackViewListViewController.m; sourceTree = "<group>"; };
		28CDA90C28AE5DD100DB9668 /* DemoUIStackView01ViewController.h */ = {isa = PBXFileReference; lastKnownFileType = sourcecode.c.h; path = DemoUIStackView01ViewController.h; sourceTree = "<group>"; };
		28CDA90D28AE5DD100DB9668 /* DemoUIStackView01ViewController.m */ = {isa = PBXFileReference; lastKnownFileType = sourcecode.c.objc; path = DemoUIStackView01ViewController.m; sourceTree = "<group>"; };
		28CDA90F28AE5EE200DB9668 /* DemoUIStackView02ViewController.h */ = {isa = PBXFileReference; fileEncoding = 4; lastKnownFileType = sourcecode.c.h; path = DemoUIStackView02ViewController.h; sourceTree = "<group>"; };
		28CDA91028AE5EE200DB9668 /* DemoUIStackView02ViewController.m */ = {isa = PBXFileReference; fileEncoding = 4; lastKnownFileType = sourcecode.c.objc; path = DemoUIStackView02ViewController.m; sourceTree = "<group>"; };
		28CDA91228AE602F00DB9668 /* FEMatchDetailIndexDataCell.m */ = {isa = PBXFileReference; fileEncoding = 4; lastKnownFileType = sourcecode.c.objc; path = FEMatchDetailIndexDataCell.m; sourceTree = "<group>"; };
		28CDA91328AE602F00DB9668 /* FEMatchDetailIndexDataCell.h */ = {isa = PBXFileReference; fileEncoding = 4; lastKnownFileType = sourcecode.c.h; path = FEMatchDetailIndexDataCell.h; sourceTree = "<group>"; };
		28D112B7289B72080074E28D /* 网易云信IM.xmind */ = {isa = PBXFileReference; lastKnownFileType = file; path = "网易云信IM.xmind"; sourceTree = "<group>"; };
		28D112B8289B72080074E28D /* 网易云信IM-聊天室.xmind */ = {isa = PBXFileReference; lastKnownFileType = file; path = "网易云信IM-聊天室.xmind"; sourceTree = "<group>"; };
		28D112B9289B767F0074E28D /* DemoIMAccountsViewController.h */ = {isa = PBXFileReference; fileEncoding = 4; lastKnownFileType = sourcecode.c.h; path = DemoIMAccountsViewController.h; sourceTree = "<group>"; };
		28D112BA289B767F0074E28D /* DemoIMAccountsViewController.m */ = {isa = PBXFileReference; fileEncoding = 4; lastKnownFileType = sourcecode.c.objc; path = DemoIMAccountsViewController.m; sourceTree = "<group>"; };
		2DB113AEF1493B6DD3DF5698 /* Pods_Demos.framework */ = {isa = PBXFileReference; explicitFileType = wrapper.framework; includeInIndex = 0; path = Pods_Demos.framework; sourceTree = BUILT_PRODUCTS_DIR; };
		4DA51EC8E250EF5A84AB4650 /* Pods-Demos.debug.xcconfig */ = {isa = PBXFileReference; includeInIndex = 1; lastKnownFileType = text.xcconfig; name = "Pods-Demos.debug.xcconfig"; path = "Target Support Files/Pods-Demos/Pods-Demos.debug.xcconfig"; sourceTree = "<group>"; };
		A82647C3A04A3C27E781674F /* Pods-Demos.release.xcconfig */ = {isa = PBXFileReference; includeInIndex = 1; lastKnownFileType = text.xcconfig; name = "Pods-Demos.release.xcconfig"; path = "Target Support Files/Pods-Demos/Pods-Demos.release.xcconfig"; sourceTree = "<group>"; };
/* End PBXFileReference section */

/* Begin PBXFrameworksBuildPhase section */
		280AE2BB28995469004C72B2 /* Frameworks */ = {
			isa = PBXFrameworksBuildPhase;
			buildActionMask = 2147483647;
			files = (
				E3D9AC278765B0B8C665ED2C /* Pods_Demos.framework in Frameworks */,
			);
			runOnlyForDeploymentPostprocessing = 0;
		};
		280AE2D62899546B004C72B2 /* Frameworks */ = {
			isa = PBXFrameworksBuildPhase;
			buildActionMask = 2147483647;
			files = (
			);
			runOnlyForDeploymentPostprocessing = 0;
		};
		280AE2E02899546B004C72B2 /* Frameworks */ = {
			isa = PBXFrameworksBuildPhase;
			buildActionMask = 2147483647;
			files = (
			);
			runOnlyForDeploymentPostprocessing = 0;
		};
/* End PBXFrameworksBuildPhase section */

/* Begin PBXGroup section */
		280AE2B528995469004C72B2 = {
			isa = PBXGroup;
			children = (
				280AE2C028995469004C72B2 /* Demos */,
				280AE2DC2899546B004C72B2 /* DemosTests */,
				280AE2E62899546B004C72B2 /* DemosUITests */,
				280AE2BF28995469004C72B2 /* Products */,
				486D60EAF3DD03A161160A16 /* Pods */,
				92216851F96415DF0BC7B219 /* Frameworks */,
			);
			sourceTree = "<group>";
		};
		280AE2BF28995469004C72B2 /* Products */ = {
			isa = PBXGroup;
			children = (
				280AE2BE28995469004C72B2 /* Demos.app */,
				280AE2D92899546B004C72B2 /* DemosTests.xctest */,
				280AE2E32899546B004C72B2 /* DemosUITests.xctest */,
			);
			name = Products;
			sourceTree = "<group>";
		};
		280AE2C028995469004C72B2 /* Demos */ = {
			isa = PBXGroup;
			children = (
				280AE2C128995469004C72B2 /* AppDelegate.h */,
				280AE2C228995469004C72B2 /* AppDelegate.m */,
				280AE2C428995469004C72B2 /* SceneDelegate.h */,
				280AE2C528995469004C72B2 /* SceneDelegate.m */,
				280AE2C728995469004C72B2 /* ViewController.h */,
				280AE2C828995469004C72B2 /* ViewController.m */,
				28CDA90228AE3FD800DB9668 /* YYLabel使用 */,
				28CDA8F628AE39B800DB9668 /* UIView小功能 */,
				2861542528ACDF1F001E33B5 /* 滚动数字 */,
				28D112B6289B71B60074E28D /* 网易云信IM【聊天室】 */,
				280AE2F62899579B004C72B2 /* 多标签动态宽度计算显示【支持方向】 */,
				2869B905289B9679006716DE /* Others */,
				280AE2CA28995469004C72B2 /* Main.storyboard */,
				2869B917289B973A006716DE /* PrefixHeader.pch */,
				280AE2CD2899546B004C72B2 /* Assets.xcassets */,
				280AE2CF2899546B004C72B2 /* LaunchScreen.storyboard */,
				280AE2D22899546B004C72B2 /* Info.plist */,
				280AE2D32899546B004C72B2 /* main.m */,
			);
			path = Demos;
			sourceTree = "<group>";
		};
		280AE2DC2899546B004C72B2 /* DemosTests */ = {
			isa = PBXGroup;
			children = (
				280AE2DD2899546B004C72B2 /* DemosTests.m */,
			);
			path = DemosTests;
			sourceTree = "<group>";
		};
		280AE2E62899546B004C72B2 /* DemosUITests */ = {
			isa = PBXGroup;
			children = (
				280AE2E72899546B004C72B2 /* DemosUITests.m */,
				280AE2E92899546B004C72B2 /* DemosUITestsLaunchTests.m */,
			);
			path = DemosUITests;
			sourceTree = "<group>";
		};
		280AE2F62899579B004C72B2 /* 多标签动态宽度计算显示【支持方向】 */ = {
			isa = PBXGroup;
			children = (
				280AE30228995848004C72B2 /* DemoLabelsViewController.h */,
				280AE30328995848004C72B2 /* DemoLabelsViewController.m */,
				280AE2F82899581F004C72B2 /* View */,
			);
			path = "多标签动态宽度计算显示【支持方向】";
			sourceTree = "<group>";
		};
		280AE2F82899581F004C72B2 /* View */ = {
			isa = PBXGroup;
			children = (
				280AE2FD2899581F004C72B2 /* LabelsCell.h */,
				280AE2FA2899581F004C72B2 /* LabelsCell.m */,
				280AE2FB2899581F004C72B2 /* LabelsTableViewCell.h */,
				280AE2FC2899581F004C72B2 /* LabelsTableViewCell.m */,
				280AE2F92899581F004C72B2 /* FEDirectionLabelsFlowLayout.h */,
				280AE2FE2899581F004C72B2 /* FEDirectionLabelsFlowLayout.m */,
			);
			path = View;
			sourceTree = "<group>";
		};
		2861542528ACDF1F001E33B5 /* 滚动数字 */ = {
			isa = PBXGroup;
			children = (
				2861542B28ACDF6F001E33B5 /* DemoNumberScrollViewController.h */,
				2861542C28ACDF6F001E33B5 /* DemoNumberScrollViewController.m */,
				2861542628ACDF1F001E33B5 /* YLNumberScrollView.h */,
				2861542828ACDF1F001E33B5 /* YLNumberScrollView.m */,
				2861542728ACDF1F001E33B5 /* readme.txt */,
			);
			path = "滚动数字";
			sourceTree = "<group>";
		};
		2869B905289B9679006716DE /* Others */ = {
			isa = PBXGroup;
			children = (
				2869B919289B9BB8006716DE /* FEColor.h */,
				2869B918289B9BB8006716DE /* FEColor.m */,
				2869B906289B9689006716DE /* MBProgressHUD */,
			);
			path = Others;
			sourceTree = "<group>";
		};
		2869B906289B9689006716DE /* MBProgressHUD */ = {
			isa = PBXGroup;
			children = (
				2869B909289B9689006716DE /* HubImgs */,
				2869B90E289B9689006716DE /* MBProgressHUD.h */,
				2869B907289B9689006716DE /* MBProgressHUD.m */,
				2869B90F289B9689006716DE /* MBProgressHUD+Add.h */,
				2869B908289B9689006716DE /* MBProgressHUD+Add.m */,
				2869B90D289B9689006716DE /* MBProgressHUD+BWMExtension.h */,
				2869B910289B9689006716DE /* MBProgressHUD+BWMExtension.m */,
			);
			path = MBProgressHUD;
			sourceTree = "<group>";
		};
		2869B909289B9689006716DE /* HubImgs */ = {
			isa = PBXGroup;
			children = (
				2869B90A289B9689006716DE /* hud_warning@2x.png */,
				2869B90B289B9689006716DE /* hud_success@2x.png */,
				2869B90C289B9689006716DE /* hud_info@2x.png */,
			);
			path = HubImgs;
			sourceTree = "<group>";
		};
		2869B91B289B9BED006716DE /* Room */ = {
			isa = PBXGroup;
			children = (
				2869B91C289B9BED006716DE /* FEChatRoomManager.h */,
				2869B920289B9BED006716DE /* FEChatRoomManager.m */,
				2869B91D289B9BED006716DE /* FEChatroomNotificationHandler.h */,
				2869B921289B9BED006716DE /* FEChatroomNotificationHandler.m */,
				2869B91E289B9BED006716DE /* FEIMRoomViewController.h */,
				2869B923289B9BED006716DE /* FEIMRoomViewController.m */,
				2869B91F289B9BED006716DE /* FEKeyboardToolbarView.h */,
				2869B922289B9BED006716DE /* FEKeyboardToolbarView.m */,
			);
			path = Room;
			sourceTree = "<group>";
		};
		28CDA8F628AE39B800DB9668 /* UIView小功能 */ = {
			isa = PBXGroup;
			children = (
				28CDA8F728AE3A4100DB9668 /* DemoUIViewListViewController.h */,
				28CDA8F828AE3A4100DB9668 /* DemoUIViewListViewController.m */,
				28CDA8FE28AE3C1500DB9668 /* Category */,
				28CDA90728AE5C7800DB9668 /* UIStackView隐藏显示动画 */,
				28CDA8FA28AE3BBD00DB9668 /* 四个角不同半径的切角 */,
			);
			path = "UIView小功能";
			sourceTree = "<group>";
		};
		28CDA8FA28AE3BBD00DB9668 /* 四个角不同半径的切角 */ = {
			isa = PBXGroup;
			children = (
				28CDA8FB28AE3BE400DB9668 /* DemoUIViewCornersViewController.h */,
				28CDA8FC28AE3BE400DB9668 /* DemoUIViewCornersViewController.m */,
			);
			path = "四个角不同半径的切角";
			sourceTree = "<group>";
		};
		28CDA8FE28AE3C1500DB9668 /* Category */ = {
			isa = PBXGroup;
			children = (
				28CDA90028AE3D8100DB9668 /* UIView+Corners.h */,
				28CDA8FF28AE3D8100DB9668 /* UIView+Corners.m */,
			);
			path = Category;
			sourceTree = "<group>";
		};
		28CDA90228AE3FD800DB9668 /* YYLabel使用 */ = {
			isa = PBXGroup;
			children = (
				28CDA90328AE3FF700DB9668 /* DemoYYLabelViewController.h */,
				28CDA90428AE3FF700DB9668 /* DemoYYLabelViewController.m */,
			);
			path = "YYLabel使用";
			sourceTree = "<group>";
		};
		28CDA90728AE5C7800DB9668 /* UIStackView隐藏显示动画 */ = {
			isa = PBXGroup;
			children = (
				28CDA90828AE5CF100DB9668 /* DemoUIStackViewListViewController.h */,
				28CDA90928AE5CF100DB9668 /* DemoUIStackViewListViewController.m */,
				28CDA90B28AE5D7E00DB9668 /* Controllers */,
			);
			path = "UIStackView隐藏显示动画";
			sourceTree = "<group>";
		};
		28CDA90B28AE5D7E00DB9668 /* Controllers */ = {
			isa = PBXGroup;
			children = (
				28CDA90C28AE5DD100DB9668 /* DemoUIStackView01ViewController.h */,
				28CDA90D28AE5DD100DB9668 /* DemoUIStackView01ViewController.m */,
				28CDA90F28AE5EE200DB9668 /* DemoUIStackView02ViewController.h */,
				28CDA91028AE5EE200DB9668 /* DemoUIStackView02ViewController.m */,
				28CDA91328AE602F00DB9668 /* FEMatchDetailIndexDataCell.h */,
				28CDA91228AE602F00DB9668 /* FEMatchDetailIndexDataCell.m */,
			);
			path = Controllers;
			sourceTree = "<group>";
		};
		28D112B6289B71B60074E28D /* 网易云信IM【聊天室】 */ = {
			isa = PBXGroup;
			children = (
				28D112B8289B72080074E28D /* 网易云信IM-聊天室.xmind */,
				28D112B7289B72080074E28D /* 网易云信IM.xmind */,
				28D112B9289B767F0074E28D /* DemoIMAccountsViewController.h */,
				28D112BA289B767F0074E28D /* DemoIMAccountsViewController.m */,
				2869B91B289B9BED006716DE /* Room */,
			);
			path = "网易云信IM【聊天室】";
			sourceTree = "<group>";
		};
		486D60EAF3DD03A161160A16 /* Pods */ = {
			isa = PBXGroup;
			children = (
				4DA51EC8E250EF5A84AB4650 /* Pods-Demos.debug.xcconfig */,
				A82647C3A04A3C27E781674F /* Pods-Demos.release.xcconfig */,
			);
			path = Pods;
			sourceTree = "<group>";
		};
		92216851F96415DF0BC7B219 /* Frameworks */ = {
			isa = PBXGroup;
			children = (
				2DB113AEF1493B6DD3DF5698 /* Pods_Demos.framework */,
			);
			name = Frameworks;
			sourceTree = "<group>";
		};
/* End PBXGroup section */

/* Begin PBXNativeTarget section */
		280AE2BD28995469004C72B2 /* Demos */ = {
			isa = PBXNativeTarget;
			buildConfigurationList = 280AE2ED2899546B004C72B2 /* Build configuration list for PBXNativeTarget "Demos" */;
			buildPhases = (
				87DE2652920310C18F4C4EAB /* [CP] Check Pods Manifest.lock */,
				280AE2BA28995469004C72B2 /* Sources */,
				280AE2BB28995469004C72B2 /* Frameworks */,
				280AE2BC28995469004C72B2 /* Resources */,
				0720B81FC124C279FC926C29 /* [CP] Embed Pods Frameworks */,
			);
			buildRules = (
			);
			dependencies = (
			);
			name = Demos;
			productName = Demos;
			productReference = 280AE2BE28995469004C72B2 /* Demos.app */;
			productType = "com.apple.product-type.application";
		};
		280AE2D82899546B004C72B2 /* DemosTests */ = {
			isa = PBXNativeTarget;
			buildConfigurationList = 280AE2F02899546B004C72B2 /* Build configuration list for PBXNativeTarget "DemosTests" */;
			buildPhases = (
				280AE2D52899546B004C72B2 /* Sources */,
				280AE2D62899546B004C72B2 /* Frameworks */,
				280AE2D72899546B004C72B2 /* Resources */,
			);
			buildRules = (
			);
			dependencies = (
				280AE2DB2899546B004C72B2 /* PBXTargetDependency */,
			);
			name = DemosTests;
			productName = DemosTests;
			productReference = 280AE2D92899546B004C72B2 /* DemosTests.xctest */;
			productType = "com.apple.product-type.bundle.unit-test";
		};
		280AE2E22899546B004C72B2 /* DemosUITests */ = {
			isa = PBXNativeTarget;
			buildConfigurationList = 280AE2F32899546B004C72B2 /* Build configuration list for PBXNativeTarget "DemosUITests" */;
			buildPhases = (
				280AE2DF2899546B004C72B2 /* Sources */,
				280AE2E02899546B004C72B2 /* Frameworks */,
				280AE2E12899546B004C72B2 /* Resources */,
			);
			buildRules = (
			);
			dependencies = (
				280AE2E52899546B004C72B2 /* PBXTargetDependency */,
			);
			name = DemosUITests;
			productName = DemosUITests;
			productReference = 280AE2E32899546B004C72B2 /* DemosUITests.xctest */;
			productType = "com.apple.product-type.bundle.ui-testing";
		};
/* End PBXNativeTarget section */

/* Begin PBXProject section */
		280AE2B628995469004C72B2 /* Project object */ = {
			isa = PBXProject;
			attributes = {
				BuildIndependentTargetsInParallel = 1;
				LastUpgradeCheck = 1330;
				TargetAttributes = {
					280AE2BD28995469004C72B2 = {
						CreatedOnToolsVersion = 13.3.1;
					};
					280AE2D82899546B004C72B2 = {
						CreatedOnToolsVersion = 13.3.1;
						TestTargetID = 280AE2BD28995469004C72B2;
					};
					280AE2E22899546B004C72B2 = {
						CreatedOnToolsVersion = 13.3.1;
						TestTargetID = 280AE2BD28995469004C72B2;
					};
				};
			};
			buildConfigurationList = 280AE2B928995469004C72B2 /* Build configuration list for PBXProject "Demos" */;
			compatibilityVersion = "Xcode 13.0";
			developmentRegion = en;
			hasScannedForEncodings = 0;
			knownRegions = (
				en,
				Base,
			);
			mainGroup = 280AE2B528995469004C72B2;
			productRefGroup = 280AE2BF28995469004C72B2 /* Products */;
			projectDirPath = "";
			projectRoot = "";
			targets = (
				280AE2BD28995469004C72B2 /* Demos */,
				280AE2D82899546B004C72B2 /* DemosTests */,
				280AE2E22899546B004C72B2 /* DemosUITests */,
			);
		};
/* End PBXProject section */

/* Begin PBXResourcesBuildPhase section */
		280AE2BC28995469004C72B2 /* Resources */ = {
			isa = PBXResourcesBuildPhase;
			buildActionMask = 2147483647;
			files = (
				2869B915289B9689006716DE /* hud_info@2x.png in Resources */,
				280AE2D12899546B004C72B2 /* LaunchScreen.storyboard in Resources */,
				2869B913289B9689006716DE /* hud_warning@2x.png in Resources */,
				2869B914289B9689006716DE /* hud_success@2x.png in Resources */,
				2861542928ACDF1F001E33B5 /* readme.txt in Resources */,
				280AE2CE2899546B004C72B2 /* Assets.xcassets in Resources */,
				280AE2CC28995469004C72B2 /* Main.storyboard in Resources */,
			);
			runOnlyForDeploymentPostprocessing = 0;
		};
		280AE2D72899546B004C72B2 /* Resources */ = {
			isa = PBXResourcesBuildPhase;
			buildActionMask = 2147483647;
			files = (
			);
			runOnlyForDeploymentPostprocessing = 0;
		};
		280AE2E12899546B004C72B2 /* Resources */ = {
			isa = PBXResourcesBuildPhase;
			buildActionMask = 2147483647;
			files = (
			);
			runOnlyForDeploymentPostprocessing = 0;
		};
/* End PBXResourcesBuildPhase section */

/* Begin PBXShellScriptBuildPhase section */
		0720B81FC124C279FC926C29 /* [CP] Embed Pods Frameworks */ = {
			isa = PBXShellScriptBuildPhase;
			buildActionMask = 2147483647;
			files = (
			);
			inputFileListPaths = (
				"${PODS_ROOT}/Target Support Files/Pods-Demos/Pods-Demos-frameworks-${CONFIGURATION}-input-files.xcfilelist",
			);
			name = "[CP] Embed Pods Frameworks";
			outputFileListPaths = (
				"${PODS_ROOT}/Target Support Files/Pods-Demos/Pods-Demos-frameworks-${CONFIGURATION}-output-files.xcfilelist",
			);
			runOnlyForDeploymentPostprocessing = 0;
			shellPath = /bin/sh;
			shellScript = "\"${PODS_ROOT}/Target Support Files/Pods-Demos/Pods-Demos-frameworks.sh\"\n";
			showEnvVarsInLog = 0;
		};
		87DE2652920310C18F4C4EAB /* [CP] Check Pods Manifest.lock */ = {
			isa = PBXShellScriptBuildPhase;
			buildActionMask = 2147483647;
			files = (
			);
			inputFileListPaths = (
			);
			inputPaths = (
				"${PODS_PODFILE_DIR_PATH}/Podfile.lock",
				"${PODS_ROOT}/Manifest.lock",
			);
			name = "[CP] Check Pods Manifest.lock";
			outputFileListPaths = (
			);
			outputPaths = (
				"$(DERIVED_FILE_DIR)/Pods-Demos-checkManifestLockResult.txt",
			);
			runOnlyForDeploymentPostprocessing = 0;
			shellPath = /bin/sh;
			shellScript = "diff \"${PODS_PODFILE_DIR_PATH}/Podfile.lock\" \"${PODS_ROOT}/Manifest.lock\" > /dev/null\nif [ $? != 0 ] ; then\n    # print error to STDERR\n    echo \"error: The sandbox is not in sync with the Podfile.lock. Run 'pod install' or update your CocoaPods installation.\" >&2\n    exit 1\nfi\n# This output is used by Xcode 'outputs' to avoid re-running this script phase.\necho \"SUCCESS\" > \"${SCRIPT_OUTPUT_FILE_0}\"\n";
			showEnvVarsInLog = 0;
		};
/* End PBXShellScriptBuildPhase section */

/* Begin PBXSourcesBuildPhase section */
		280AE2BA28995469004C72B2 /* Sources */ = {
			isa = PBXSourcesBuildPhase;
			buildActionMask = 2147483647;
			files = (
				28CDA90E28AE5DD100DB9668 /* DemoUIStackView01ViewController.m in Sources */,
				280AE30128995820004C72B2 /* FEDirectionLabelsFlowLayout.m in Sources */,
				2869B927289B9BED006716DE /* FEIMRoomViewController.m in Sources */,
				280AE30028995820004C72B2 /* LabelsTableViewCell.m in Sources */,
				280AE2C928995469004C72B2 /* ViewController.m in Sources */,
				2869B925289B9BED006716DE /* FEChatroomNotificationHandler.m in Sources */,
				2861542D28ACDF6F001E33B5 /* DemoNumberScrollViewController.m in Sources */,
				28CDA8F928AE3A4100DB9668 /* DemoUIViewListViewController.m in Sources */,
				280AE2C328995469004C72B2 /* AppDelegate.m in Sources */,
				28CDA91128AE5EE200DB9668 /* DemoUIStackView02ViewController.m in Sources */,
				28CDA90528AE3FF700DB9668 /* DemoYYLabelViewController.m in Sources */,
				28D112BB289B767F0074E28D /* DemoIMAccountsViewController.m in Sources */,
				28CDA8FD28AE3BE400DB9668 /* DemoUIViewCornersViewController.m in Sources */,
				2869B91A289B9BB8006716DE /* FEColor.m in Sources */,
				280AE30428995848004C72B2 /* DemoLabelsViewController.m in Sources */,
				28CDA90A28AE5CF100DB9668 /* DemoUIStackViewListViewController.m in Sources */,
				2869B924289B9BED006716DE /* FEChatRoomManager.m in Sources */,
				2869B912289B9689006716DE /* MBProgressHUD+Add.m in Sources */,
				2861542A28ACDF1F001E33B5 /* YLNumberScrollView.m in Sources */,
				280AE2D42899546B004C72B2 /* main.m in Sources */,
				2869B911289B9689006716DE /* MBProgressHUD.m in Sources */,
				2869B926289B9BED006716DE /* FEKeyboardToolbarView.m in Sources */,
				28CDA91428AE602F00DB9668 /* FEMatchDetailIndexDataCell.m in Sources */,
				280AE2FF28995820004C72B2 /* LabelsCell.m in Sources */,
				2869B916289B9689006716DE /* MBProgressHUD+BWMExtension.m in Sources */,
				280AE2C628995469004C72B2 /* SceneDelegate.m in Sources */,
				28CDA90128AE3D8100DB9668 /* UIView+Corners.m in Sources */,
			);
			runOnlyForDeploymentPostprocessing = 0;
		};
		280AE2D52899546B004C72B2 /* Sources */ = {
			isa = PBXSourcesBuildPhase;
			buildActionMask = 2147483647;
			files = (
				280AE2DE2899546B004C72B2 /* DemosTests.m in Sources */,
			);
			runOnlyForDeploymentPostprocessing = 0;
		};
		280AE2DF2899546B004C72B2 /* Sources */ = {
			isa = PBXSourcesBuildPhase;
			buildActionMask = 2147483647;
			files = (
				280AE2E82899546B004C72B2 /* DemosUITests.m in Sources */,
				280AE2EA2899546B004C72B2 /* DemosUITestsLaunchTests.m in Sources */,
			);
			runOnlyForDeploymentPostprocessing = 0;
		};
/* End PBXSourcesBuildPhase section */

/* Begin PBXTargetDependency section */
		280AE2DB2899546B004C72B2 /* PBXTargetDependency */ = {
			isa = PBXTargetDependency;
			target = 280AE2BD28995469004C72B2 /* Demos */;
			targetProxy = 280AE2DA2899546B004C72B2 /* PBXContainerItemProxy */;
		};
		280AE2E52899546B004C72B2 /* PBXTargetDependency */ = {
			isa = PBXTargetDependency;
			target = 280AE2BD28995469004C72B2 /* Demos */;
			targetProxy = 280AE2E42899546B004C72B2 /* PBXContainerItemProxy */;
		};
/* End PBXTargetDependency section */

/* Begin PBXVariantGroup section */
		280AE2CA28995469004C72B2 /* Main.storyboard */ = {
			isa = PBXVariantGroup;
			children = (
				280AE2CB28995469004C72B2 /* Base */,
			);
			name = Main.storyboard;
			sourceTree = "<group>";
		};
		280AE2CF2899546B004C72B2 /* LaunchScreen.storyboard */ = {
			isa = PBXVariantGroup;
			children = (
				280AE2D02899546B004C72B2 /* Base */,
			);
			name = LaunchScreen.storyboard;
			sourceTree = "<group>";
		};
/* End PBXVariantGroup section */

/* Begin XCBuildConfiguration section */
		280AE2EB2899546B004C72B2 /* Debug */ = {
			isa = XCBuildConfiguration;
			buildSettings = {
				ALWAYS_SEARCH_USER_PATHS = NO;
				CLANG_ANALYZER_NONNULL = YES;
				CLANG_ANALYZER_NUMBER_OBJECT_CONVERSION = YES_AGGRESSIVE;
				CLANG_CXX_LANGUAGE_STANDARD = "gnu++17";
				CLANG_ENABLE_MODULES = YES;
				CLANG_ENABLE_OBJC_ARC = YES;
				CLANG_ENABLE_OBJC_WEAK = YES;
				CLANG_WARN_BLOCK_CAPTURE_AUTORELEASING = YES;
				CLANG_WARN_BOOL_CONVERSION = YES;
				CLANG_WARN_COMMA = YES;
				CLANG_WARN_CONSTANT_CONVERSION = YES;
				CLANG_WARN_DEPRECATED_OBJC_IMPLEMENTATIONS = YES;
				CLANG_WARN_DIRECT_OBJC_ISA_USAGE = YES_ERROR;
				CLANG_WARN_DOCUMENTATION_COMMENTS = YES;
				CLANG_WARN_EMPTY_BODY = YES;
				CLANG_WARN_ENUM_CONVERSION = YES;
				CLANG_WARN_INFINITE_RECURSION = YES;
				CLANG_WARN_INT_CONVERSION = YES;
				CLANG_WARN_NON_LITERAL_NULL_CONVERSION = YES;
				CLANG_WARN_OBJC_IMPLICIT_RETAIN_SELF = YES;
				CLANG_WARN_OBJC_LITERAL_CONVERSION = YES;
				CLANG_WARN_OBJC_ROOT_CLASS = YES_ERROR;
				CLANG_WARN_QUOTED_INCLUDE_IN_FRAMEWORK_HEADER = YES;
				CLANG_WARN_RANGE_LOOP_ANALYSIS = YES;
				CLANG_WARN_STRICT_PROTOTYPES = YES;
				CLANG_WARN_SUSPICIOUS_MOVE = YES;
				CLANG_WARN_UNGUARDED_AVAILABILITY = YES_AGGRESSIVE;
				CLANG_WARN_UNREACHABLE_CODE = YES;
				CLANG_WARN__DUPLICATE_METHOD_MATCH = YES;
				COPY_PHASE_STRIP = NO;
				DEBUG_INFORMATION_FORMAT = dwarf;
				ENABLE_STRICT_OBJC_MSGSEND = YES;
				ENABLE_TESTABILITY = YES;
				GCC_C_LANGUAGE_STANDARD = gnu11;
				GCC_DYNAMIC_NO_PIC = NO;
				GCC_NO_COMMON_BLOCKS = YES;
				GCC_OPTIMIZATION_LEVEL = 0;
				GCC_PREPROCESSOR_DEFINITIONS = (
					"DEBUG=1",
					"$(inherited)",
				);
				GCC_WARN_64_TO_32_BIT_CONVERSION = YES;
				GCC_WARN_ABOUT_RETURN_TYPE = YES_ERROR;
				GCC_WARN_UNDECLARED_SELECTOR = YES;
				GCC_WARN_UNINITIALIZED_AUTOS = YES_AGGRESSIVE;
				GCC_WARN_UNUSED_FUNCTION = YES;
				GCC_WARN_UNUSED_VARIABLE = YES;
				IPHONEOS_DEPLOYMENT_TARGET = 15.4;
				MTL_ENABLE_DEBUG_INFO = INCLUDE_SOURCE;
				MTL_FAST_MATH = YES;
				ONLY_ACTIVE_ARCH = YES;
				SDKROOT = iphoneos;
			};
			name = Debug;
		};
		280AE2EC2899546B004C72B2 /* Release */ = {
			isa = XCBuildConfiguration;
			buildSettings = {
				ALWAYS_SEARCH_USER_PATHS = NO;
				CLANG_ANALYZER_NONNULL = YES;
				CLANG_ANALYZER_NUMBER_OBJECT_CONVERSION = YES_AGGRESSIVE;
				CLANG_CXX_LANGUAGE_STANDARD = "gnu++17";
				CLANG_ENABLE_MODULES = YES;
				CLANG_ENABLE_OBJC_ARC = YES;
				CLANG_ENABLE_OBJC_WEAK = YES;
				CLANG_WARN_BLOCK_CAPTURE_AUTORELEASING = YES;
				CLANG_WARN_BOOL_CONVERSION = YES;
				CLANG_WARN_COMMA = YES;
				CLANG_WARN_CONSTANT_CONVERSION = YES;
				CLANG_WARN_DEPRECATED_OBJC_IMPLEMENTATIONS = YES;
				CLANG_WARN_DIRECT_OBJC_ISA_USAGE = YES_ERROR;
				CLANG_WARN_DOCUMENTATION_COMMENTS = YES;
				CLANG_WARN_EMPTY_BODY = YES;
				CLANG_WARN_ENUM_CONVERSION = YES;
				CLANG_WARN_INFINITE_RECURSION = YES;
				CLANG_WARN_INT_CONVERSION = YES;
				CLANG_WARN_NON_LITERAL_NULL_CONVERSION = YES;
				CLANG_WARN_OBJC_IMPLICIT_RETAIN_SELF = YES;
				CLANG_WARN_OBJC_LITERAL_CONVERSION = YES;
				CLANG_WARN_OBJC_ROOT_CLASS = YES_ERROR;
				CLANG_WARN_QUOTED_INCLUDE_IN_FRAMEWORK_HEADER = YES;
				CLANG_WARN_RANGE_LOOP_ANALYSIS = YES;
				CLANG_WARN_STRICT_PROTOTYPES = YES;
				CLANG_WARN_SUSPICIOUS_MOVE = YES;
				CLANG_WARN_UNGUARDED_AVAILABILITY = YES_AGGRESSIVE;
				CLANG_WARN_UNREACHABLE_CODE = YES;
				CLANG_WARN__DUPLICATE_METHOD_MATCH = YES;
				COPY_PHASE_STRIP = NO;
				DEBUG_INFORMATION_FORMAT = "dwarf-with-dsym";
				ENABLE_NS_ASSERTIONS = NO;
				ENABLE_STRICT_OBJC_MSGSEND = YES;
				GCC_C_LANGUAGE_STANDARD = gnu11;
				GCC_NO_COMMON_BLOCKS = YES;
				GCC_WARN_64_TO_32_BIT_CONVERSION = YES;
				GCC_WARN_ABOUT_RETURN_TYPE = YES_ERROR;
				GCC_WARN_UNDECLARED_SELECTOR = YES;
				GCC_WARN_UNINITIALIZED_AUTOS = YES_AGGRESSIVE;
				GCC_WARN_UNUSED_FUNCTION = YES;
				GCC_WARN_UNUSED_VARIABLE = YES;
				IPHONEOS_DEPLOYMENT_TARGET = 15.4;
				MTL_ENABLE_DEBUG_INFO = NO;
				MTL_FAST_MATH = YES;
				SDKROOT = iphoneos;
				VALIDATE_PRODUCT = YES;
			};
			name = Release;
		};
		280AE2EE2899546B004C72B2 /* Debug */ = {
			isa = XCBuildConfiguration;
			baseConfigurationReference = 4DA51EC8E250EF5A84AB4650 /* Pods-Demos.debug.xcconfig */;
			buildSettings = {
				ASSETCATALOG_COMPILER_APPICON_NAME = AppIcon;
				ASSETCATALOG_COMPILER_GLOBAL_ACCENT_COLOR_NAME = AccentColor;
				CODE_SIGN_STYLE = Automatic;
				CURRENT_PROJECT_VERSION = 1;
				DEVELOPMENT_TEAM = YTG8CAG25Z;
				GCC_PREFIX_HEADER = "$(SRCROOT)/Demos/PrefixHeader.pch";
				GENERATE_INFOPLIST_FILE = YES;
				INFOPLIST_FILE = Demos/Info.plist;
				INFOPLIST_KEY_UIApplicationSupportsIndirectInputEvents = YES;
				INFOPLIST_KEY_UILaunchStoryboardName = LaunchScreen;
				INFOPLIST_KEY_UIMainStoryboardFile = Main;
				INFOPLIST_KEY_UISupportedInterfaceOrientations_iPad = "UIInterfaceOrientationPortrait UIInterfaceOrientationPortraitUpsideDown UIInterfaceOrientationLandscapeLeft UIInterfaceOrientationLandscapeRight";
				INFOPLIST_KEY_UISupportedInterfaceOrientations_iPhone = "UIInterfaceOrientationPortrait UIInterfaceOrientationLandscapeLeft UIInterfaceOrientationLandscapeRight";
				IPHONEOS_DEPLOYMENT_TARGET = 12.0;
				LD_RUNPATH_SEARCH_PATHS = (
					"$(inherited)",
					"@executable_path/Frameworks",
				);
				MARKETING_VERSION = 1.0;
				PRODUCT_BUNDLE_IDENTIFIER = yl.Demos;
				PRODUCT_NAME = "$(TARGET_NAME)";
				SWIFT_EMIT_LOC_STRINGS = YES;
				TARGETED_DEVICE_FAMILY = "1,2";
			};
			name = Debug;
		};
		280AE2EF2899546B004C72B2 /* Release */ = {
			isa = XCBuildConfiguration;
			baseConfigurationReference = A82647C3A04A3C27E781674F /* Pods-Demos.release.xcconfig */;
			buildSettings = {
				ASSETCATALOG_COMPILER_APPICON_NAME = AppIcon;
				ASSETCATALOG_COMPILER_GLOBAL_ACCENT_COLOR_NAME = AccentColor;
				CODE_SIGN_STYLE = Automatic;
				CURRENT_PROJECT_VERSION = 1;
				DEVELOPMENT_TEAM = YTG8CAG25Z;
				GCC_PREFIX_HEADER = "$(SRCROOT)/Demos/PrefixHeader.pch";
				GENERATE_INFOPLIST_FILE = YES;
				INFOPLIST_FILE = Demos/Info.plist;
				INFOPLIST_KEY_UIApplicationSupportsIndirectInputEvents = YES;
				INFOPLIST_KEY_UILaunchStoryboardName = LaunchScreen;
				INFOPLIST_KEY_UIMainStoryboardFile = Main;
				INFOPLIST_KEY_UISupportedInterfaceOrientations_iPad = "UIInterfaceOrientationPortrait UIInterfaceOrientationPortraitUpsideDown UIInterfaceOrientationLandscapeLeft UIInterfaceOrientationLandscapeRight";
				INFOPLIST_KEY_UISupportedInterfaceOrientations_iPhone = "UIInterfaceOrientationPortrait UIInterfaceOrientationLandscapeLeft UIInterfaceOrientationLandscapeRight";
				IPHONEOS_DEPLOYMENT_TARGET = 12.0;
				LD_RUNPATH_SEARCH_PATHS = (
					"$(inherited)",
					"@executable_path/Frameworks",
				);
				MARKETING_VERSION = 1.0;
				PRODUCT_BUNDLE_IDENTIFIER = yl.Demos;
				PRODUCT_NAME = "$(TARGET_NAME)";
				SWIFT_EMIT_LOC_STRINGS = YES;
				TARGETED_DEVICE_FAMILY = "1,2";
			};
			name = Release;
		};
		280AE2F12899546B004C72B2 /* Debug */ = {
			isa = XCBuildConfiguration;
			buildSettings = {
				BUNDLE_LOADER = "$(TEST_HOST)";
				CODE_SIGN_STYLE = Automatic;
				CURRENT_PROJECT_VERSION = 1;
				DEVELOPMENT_TEAM = YTG8CAG25Z;
				GENERATE_INFOPLIST_FILE = YES;
				IPHONEOS_DEPLOYMENT_TARGET = 15.4;
				MARKETING_VERSION = 1.0;
				PRODUCT_BUNDLE_IDENTIFIER = yl.DemosTests;
				PRODUCT_NAME = "$(TARGET_NAME)";
				SWIFT_EMIT_LOC_STRINGS = NO;
				TARGETED_DEVICE_FAMILY = "1,2";
				TEST_HOST = "$(BUILT_PRODUCTS_DIR)/Demos.app/Demos";
			};
			name = Debug;
		};
		280AE2F22899546B004C72B2 /* Release */ = {
			isa = XCBuildConfiguration;
			buildSettings = {
				BUNDLE_LOADER = "$(TEST_HOST)";
				CODE_SIGN_STYLE = Automatic;
				CURRENT_PROJECT_VERSION = 1;
				DEVELOPMENT_TEAM = YTG8CAG25Z;
				GENERATE_INFOPLIST_FILE = YES;
				IPHONEOS_DEPLOYMENT_TARGET = 15.4;
				MARKETING_VERSION = 1.0;
				PRODUCT_BUNDLE_IDENTIFIER = yl.DemosTests;
				PRODUCT_NAME = "$(TARGET_NAME)";
				SWIFT_EMIT_LOC_STRINGS = NO;
				TARGETED_DEVICE_FAMILY = "1,2";
				TEST_HOST = "$(BUILT_PRODUCTS_DIR)/Demos.app/Demos";
			};
			name = Release;
		};
		280AE2F42899546B004C72B2 /* Debug */ = {
			isa = XCBuildConfiguration;
			buildSettings = {
				CODE_SIGN_STYLE = Automatic;
				CURRENT_PROJECT_VERSION = 1;
				DEVELOPMENT_TEAM = YTG8CAG25Z;
				GENERATE_INFOPLIST_FILE = YES;
				MARKETING_VERSION = 1.0;
				PRODUCT_BUNDLE_IDENTIFIER = yl.DemosUITests;
				PRODUCT_NAME = "$(TARGET_NAME)";
				SWIFT_EMIT_LOC_STRINGS = NO;
				TARGETED_DEVICE_FAMILY = "1,2";
				TEST_TARGET_NAME = Demos;
			};
			name = Debug;
		};
		280AE2F52899546B004C72B2 /* Release */ = {
			isa = XCBuildConfiguration;
			buildSettings = {
				CODE_SIGN_STYLE = Automatic;
				CURRENT_PROJECT_VERSION = 1;
				DEVELOPMENT_TEAM = YTG8CAG25Z;
				GENERATE_INFOPLIST_FILE = YES;
				MARKETING_VERSION = 1.0;
				PRODUCT_BUNDLE_IDENTIFIER = yl.DemosUITests;
				PRODUCT_NAME = "$(TARGET_NAME)";
				SWIFT_EMIT_LOC_STRINGS = NO;
				TARGETED_DEVICE_FAMILY = "1,2";
				TEST_TARGET_NAME = Demos;
			};
			name = Release;
		};
/* End XCBuildConfiguration section */

/* Begin XCConfigurationList section */
		280AE2B928995469004C72B2 /* Build configuration list for PBXProject "Demos" */ = {
			isa = XCConfigurationList;
			buildConfigurations = (
				280AE2EB2899546B004C72B2 /* Debug */,
				280AE2EC2899546B004C72B2 /* Release */,
			);
			defaultConfigurationIsVisible = 0;
			defaultConfigurationName = Release;
		};
		280AE2ED2899546B004C72B2 /* Build configuration list for PBXNativeTarget "Demos" */ = {
			isa = XCConfigurationList;
			buildConfigurations = (
				280AE2EE2899546B004C72B2 /* Debug */,
				280AE2EF2899546B004C72B2 /* Release */,
			);
			defaultConfigurationIsVisible = 0;
			defaultConfigurationName = Release;
		};
		280AE2F02899546B004C72B2 /* Build configuration list for PBXNativeTarget "DemosTests" */ = {
			isa = XCConfigurationList;
			buildConfigurations = (
				280AE2F12899546B004C72B2 /* Debug */,
				280AE2F22899546B004C72B2 /* Release */,
			);
			defaultConfigurationIsVisible = 0;
			defaultConfigurationName = Release;
		};
		280AE2F32899546B004C72B2 /* Build configuration list for PBXNativeTarget "DemosUITests" */ = {
			isa = XCConfigurationList;
			buildConfigurations = (
				280AE2F42899546B004C72B2 /* Debug */,
				280AE2F52899546B004C72B2 /* Release */,
			);
			defaultConfigurationIsVisible = 0;
			defaultConfigurationName = Release;
		};
/* End XCConfigurationList section */
	};
	rootObject = 280AE2B628995469004C72B2 /* Project object */;
}
